// !$*UTF8*$!
{
	archiveVersion = 1;
	classes = {
	};
	objectVersion = 50;
	objects = {

/* Begin PBXBuildFile section */
		A1CC9F5F26F382BA00BBF57D /* AppDelegate.swift in Sources */ = {isa = PBXBuildFile; fileRef = A1CC9F5E26F382BA00BBF57D /* AppDelegate.swift */; };
		A1CC9F6126F382BA00BBF57D /* SceneDelegate.swift in Sources */ = {isa = PBXBuildFile; fileRef = A1CC9F6026F382BA00BBF57D /* SceneDelegate.swift */; };
		A1CC9F6326F382BA00BBF57D /* ViewController.swift in Sources */ = {isa = PBXBuildFile; fileRef = A1CC9F6226F382BA00BBF57D /* ViewController.swift */; };
		A1CC9F6626F382BA00BBF57D /* Main.storyboard in Resources */ = {isa = PBXBuildFile; fileRef = A1CC9F6426F382BA00BBF57D /* Main.storyboard */; };
		A1CC9F6826F382BC00BBF57D /* Assets.xcassets in Resources */ = {isa = PBXBuildFile; fileRef = A1CC9F6726F382BC00BBF57D /* Assets.xcassets */; };
		A1CC9F6B26F382BC00BBF57D /* LaunchScreen.storyboard in Resources */ = {isa = PBXBuildFile; fileRef = A1CC9F6926F382BC00BBF57D /* LaunchScreen.storyboard */; };
		A1CC9F7526F3886100BBF57D /* MainProtocols.swift in Sources */ = {isa = PBXBuildFile; fileRef = A1CC9F7426F3886100BBF57D /* MainProtocols.swift */; };
		A1CC9F7726F388F900BBF57D /* Subject.swift in Sources */ = {isa = PBXBuildFile; fileRef = A1CC9F7626F388F900BBF57D /* Subject.swift */; };
		A1CC9F7926F38AE200BBF57D /* ObserverA.swift in Sources */ = {isa = PBXBuildFile; fileRef = A1CC9F7826F38AE200BBF57D /* ObserverA.swift */; };
		A1CC9F7B26F38AEF00BBF57D /* ObserverB.swift in Sources */ = {isa = PBXBuildFile; fileRef = A1CC9F7A26F38AEF00BBF57D /* ObserverB.swift */; };
/* End PBXBuildFile section */

/* Begin PBXFileReference section */
		A1CC9F5B26F382BA00BBF57D /* TraningsWithPatterns.app */ = {isa = PBXFileReference; explicitFileType = wrapper.application; includeInIndex = 0; path = TraningsWithPatterns.app; sourceTree = BUILT_PRODUCTS_DIR; };
		A1CC9F5E26F382BA00BBF57D /* AppDelegate.swift */ = {isa = PBXFileReference; lastKnownFileType = sourcecode.swift; path = AppDelegate.swift; sourceTree = "<group>"; };
		A1CC9F6026F382BA00BBF57D /* SceneDelegate.swift */ = {isa = PBXFileReference; lastKnownFileType = sourcecode.swift; path = SceneDelegate.swift; sourceTree = "<group>"; };
		A1CC9F6226F382BA00BBF57D /* ViewController.swift */ = {isa = PBXFileReference; lastKnownFileType = sourcecode.swift; path = ViewController.swift; sourceTree = "<group>"; };
		A1CC9F6526F382BA00BBF57D /* Base */ = {isa = PBXFileReference; lastKnownFileType = file.storyboard; name = Base; path = Base.lproj/Main.storyboard; sourceTree = "<group>"; };
		A1CC9F6726F382BC00BBF57D /* Assets.xcassets */ = {isa = PBXFileReference; lastKnownFileType = folder.assetcatalog; path = Assets.xcassets; sourceTree = "<group>"; };
		A1CC9F6A26F382BC00BBF57D /* Base */ = {isa = PBXFileReference; lastKnownFileType = file.storyboard; name = Base; path = Base.lproj/LaunchScreen.storyboard; sourceTree = "<group>"; };
		A1CC9F6C26F382BC00BBF57D /* Info.plist */ = {isa = PBXFileReference; lastKnownFileType = text.plist.xml; path = Info.plist; sourceTree = "<group>"; };
		A1CC9F7426F3886100BBF57D /* MainProtocols.swift */ = {isa = PBXFileReference; lastKnownFileType = sourcecode.swift; path = MainProtocols.swift; sourceTree = "<group>"; };
		A1CC9F7626F388F900BBF57D /* Subject.swift */ = {isa = PBXFileReference; lastKnownFileType = sourcecode.swift; path = Subject.swift; sourceTree = "<group>"; };
		A1CC9F7826F38AE200BBF57D /* ObserverA.swift */ = {isa = PBXFileReference; lastKnownFileType = sourcecode.swift; path = ObserverA.swift; sourceTree = "<group>"; };
		A1CC9F7A26F38AEF00BBF57D /* ObserverB.swift */ = {isa = PBXFileReference; lastKnownFileType = sourcecode.swift; path = ObserverB.swift; sourceTree = "<group>"; };
/* End PBXFileReference section */

/* Begin PBXFrameworksBuildPhase section */
		A1CC9F5826F382BA00BBF57D /* Frameworks */ = {
			isa = PBXFrameworksBuildPhase;
			buildActionMask = 2147483647;
			files = (
			);
			runOnlyForDeploymentPostprocessing = 0;
		};
/* End PBXFrameworksBuildPhase section */

/* Begin PBXGroup section */
		A1CC9F5226F382BA00BBF57D = {
			isa = PBXGroup;
			children = (
				A1CC9F5D26F382BA00BBF57D /* TraningsWithPatterns */,
				A1CC9F5C26F382BA00BBF57D /* Products */,
			);
			sourceTree = "<group>";
		};
		A1CC9F5C26F382BA00BBF57D /* Products */ = {
			isa = PBXGroup;
			children = (
				A1CC9F5B26F382BA00BBF57D /* TraningsWithPatterns.app */,
			);
			name = Products;
			sourceTree = "<group>";
		};
		A1CC9F5D26F382BA00BBF57D /* TraningsWithPatterns */ = {
			isa = PBXGroup;
			children = (
				A1CC9F7326F3880500BBF57D /* Protocols */,
				A1CC9F5E26F382BA00BBF57D /* AppDelegate.swift */,
				A1CC9F7226F387F400BBF57D /* Model */,
				A1CC9F6026F382BA00BBF57D /* SceneDelegate.swift */,
				A1CC9F6226F382BA00BBF57D /* ViewController.swift */,
				A1CC9F6426F382BA00BBF57D /* Main.storyboard */,
				A1CC9F6726F382BC00BBF57D /* Assets.xcassets */,
				A1CC9F6926F382BC00BBF57D /* LaunchScreen.storyboard */,
				A1CC9F6C26F382BC00BBF57D /* Info.plist */,
			);
			path = TraningsWithPatterns;
			sourceTree = "<group>";
		};
		A1CC9F7226F387F400BBF57D /* Model */ = {
			isa = PBXGroup;
			children = (
				A1CC9F7626F388F900BBF57D /* Subject.swift */,
				A1CC9F7826F38AE200BBF57D /* ObserverA.swift */,
				A1CC9F7A26F38AEF00BBF57D /* ObserverB.swift */,
			);
			path = Model;
			sourceTree = "<group>";
		};
		A1CC9F7326F3880500BBF57D /* Protocols */ = {
			isa = PBXGroup;
			children = (
				A1CC9F7426F3886100BBF57D /* MainProtocols.swift */,
			);
			path = Protocols;
			sourceTree = "<group>";
		};
/* End PBXGroup section */

/* Begin PBXNativeTarget section */
		A1CC9F5A26F382BA00BBF57D /* TraningsWithPatterns */ = {
			isa = PBXNativeTarget;
			buildConfigurationList = A1CC9F6F26F382BC00BBF57D /* Build configuration list for PBXNativeTarget "TraningsWithPatterns" */;
			buildPhases = (
				A1CC9F5726F382BA00BBF57D /* Sources */,
				A1CC9F5826F382BA00BBF57D /* Frameworks */,
				A1CC9F5926F382BA00BBF57D /* Resources */,
			);
			buildRules = (
			);
			dependencies = (
			);
			name = TraningsWithPatterns;
			productName = TraningsWithPatterns;
			productReference = A1CC9F5B26F382BA00BBF57D /* TraningsWithPatterns.app */;
			productType = "com.apple.product-type.application";
		};
/* End PBXNativeTarget section */

/* Begin PBXProject section */
		A1CC9F5326F382BA00BBF57D /* Project object */ = {
			isa = PBXProject;
			attributes = {
				LastSwiftUpdateCheck = 1250;
				LastUpgradeCheck = 1250;
				TargetAttributes = {
					A1CC9F5A26F382BA00BBF57D = {
						CreatedOnToolsVersion = 12.5.1;
					};
				};
			};
			buildConfigurationList = A1CC9F5626F382BA00BBF57D /* Build configuration list for PBXProject "TraningsWithPatterns" */;
			compatibilityVersion = "Xcode 9.3";
			developmentRegion = en;
			hasScannedForEncodings = 0;
			knownRegions = (
				en,
				Base,
			);
			mainGroup = A1CC9F5226F382BA00BBF57D;
			productRefGroup = A1CC9F5C26F382BA00BBF57D /* Products */;
			projectDirPath = "";
			projectRoot = "";
			targets = (
				A1CC9F5A26F382BA00BBF57D /* TraningsWithPatterns */,
			);
		};
/* End PBXProject section */

/* Begin PBXResourcesBuildPhase section */
		A1CC9F5926F382BA00BBF57D /* Resources */ = {
			isa = PBXResourcesBuildPhase;
			buildActionMask = 2147483647;
			files = (
				A1CC9F6B26F382BC00BBF57D /* LaunchScreen.storyboard in Resources */,
				A1CC9F6826F382BC00BBF57D /* Assets.xcassets in Resources */,
				A1CC9F6626F382BA00BBF57D /* Main.storyboard in Resources */,
			);
			runOnlyForDeploymentPostprocessing = 0;
		};
/* End PBXResourcesBuildPhase section */

/* Begin PBXSourcesBuildPhase section */
		A1CC9F5726F382BA00BBF57D /* Sources */ = {
			isa = PBXSourcesBuildPhase;
			buildActionMask = 2147483647;
			files = (
				A1CC9F7B26F38AEF00BBF57D /* ObserverB.swift in Sources */,
				A1CC9F7526F3886100BBF57D /* MainProtocols.swift in Sources */,
				A1CC9F7926F38AE200BBF57D /* ObserverA.swift in Sources */,
				A1CC9F7726F388F900BBF57D /* Subject.swift in Sources */,
				A1CC9F6326F382BA00BBF57D /* ViewController.swift in Sources */,
				A1CC9F5F26F382BA00BBF57D /* AppDelegate.swift in Sources */,
				A1CC9F6126F382BA00BBF57D /* SceneDelegate.swift in Sources */,
			);
			runOnlyForDeploymentPostprocessing = 0;
		};
/* End PBXSourcesBuildPhase section */

/* Begin PBXVariantGroup section */
		A1CC9F6426F382BA00BBF57D /* Main.storyboard */ = {
			isa = PBXVariantGroup;
			children = (
				A1CC9F6526F382BA00BBF57D /* Base */,
			);
			name = Main.storyboard;
			sourceTree = "<group>";
		};
		A1CC9F6926F382BC00BBF57D /* LaunchScreen.storyboard */ = {
			isa = PBXVariantGroup;
			children = (
				A1CC9F6A26F382BC00BBF57D /* Base */,
			);
			name = LaunchScreen.storyboard;
			sourceTree = "<group>";
		};
/* End PBXVariantGroup section */

/* Begin XCBuildConfiguration section */
		A1CC9F6D26F382BC00BBF57D /* Debug */ = {
			isa = XCBuildConfiguration;
			buildSettings = {
				ALWAYS_SEARCH_USER_PATHS = NO;
				CLANG_ANALYZER_NONNULL = YES;
				CLANG_ANALYZER_NUMBER_OBJECT_CONVERSION = YES_AGGRESSIVE;
				CLANG_CXX_LANGUAGE_STANDARD = "gnu++14";
				CLANG_CXX_LIBRARY = "libc++";
				CLANG_ENABLE_MODULES = YES;
				CLANG_ENABLE_OBJC_ARC = YES;
				CLANG_ENABLE_OBJC_WEAK = YES;
				CLANG_WARN_BLOCK_CAPTURE_AUTORELEASING = YES;
				CLANG_WARN_BOOL_CONVERSION = YES;
				CLANG_WARN_COMMA = YES;
				CLANG_WARN_CONSTANT_CONVERSION = YES;
				CLANG_WARN_DEPRECATED_OBJC_IMPLEMENTATIONS = YES;
				CLANG_WARN_DIRECT_OBJC_ISA_USAGE = YES_ERROR;
				CLANG_WARN_DOCUMENTATION_COMMENTS = YES;
				CLANG_WARN_EMPTY_BODY = YES;
				CLANG_WARN_ENUM_CONVERSION = YES;
				CLANG_WARN_INFINITE_RECURSION = YES;
				CLANG_WARN_INT_CONVERSION = YES;
				CLANG_WARN_NON_LITERAL_NULL_CONVERSION = YES;
				CLANG_WARN_OBJC_IMPLICIT_RETAIN_SELF = YES;
				CLANG_WARN_OBJC_LITERAL_CONVERSION = YES;
				CLANG_WARN_OBJC_ROOT_CLASS = YES_ERROR;
				CLANG_WARN_QUOTED_INCLUDE_IN_FRAMEWORK_HEADER = YES;
				CLANG_WARN_RANGE_LOOP_ANALYSIS = YES;
				CLANG_WARN_STRICT_PROTOTYPES = YES;
				CLANG_WARN_SUSPICIOUS_MOVE = YES;
				CLANG_WARN_UNGUARDED_AVAILABILITY = YES_AGGRESSIVE;
				CLANG_WARN_UNREACHABLE_CODE = YES;
				CLANG_WARN__DUPLICATE_METHOD_MATCH = YES;
				COPY_PHASE_STRIP = NO;
				DEBUG_INFORMATION_FORMAT = dwarf;
				ENABLE_STRICT_OBJC_MSGSEND = YES;
				ENABLE_TESTABILITY = YES;
				GCC_C_LANGUAGE_STANDARD = gnu11;
				GCC_DYNAMIC_NO_PIC = NO;
				GCC_NO_COMMON_BLOCKS = YES;
				GCC_OPTIMIZATION_LEVEL = 0;
				GCC_PREPROCESSOR_DEFINITIONS = (
					"DEBUG=1",
					"$(inherited)",
				);
				GCC_WARN_64_TO_32_BIT_CONVERSION = YES;
				GCC_WARN_ABOUT_RETURN_TYPE = YES_ERROR;
				GCC_WARN_UNDECLARED_SELECTOR = YES;
				GCC_WARN_UNINITIALIZED_AUTOS = YES_AGGRESSIVE;
				GCC_WARN_UNUSED_FUNCTION = YES;
				GCC_WARN_UNUSED_VARIABLE = YES;
				IPHONEOS_DEPLOYMENT_TARGET = 14.5;
				MTL_ENABLE_DEBUG_INFO = INCLUDE_SOURCE;
				MTL_FAST_MATH = YES;
				ONLY_ACTIVE_ARCH = YES;
				SDKROOT = iphoneos;
				SWIFT_ACTIVE_COMPILATION_CONDITIONS = DEBUG;
				SWIFT_OPTIMIZATION_LEVEL = "-Onone";
			};
			name = Debug;
		};
		A1CC9F6E26F382BC00BBF57D /* Release */ = {
			isa = XCBuildConfiguration;
			buildSettings = {
				ALWAYS_SEARCH_USER_PATHS = NO;
				CLANG_ANALYZER_NONNULL = YES;
				CLANG_ANALYZER_NUMBER_OBJECT_CONVERSION = YES_AGGRESSIVE;
				CLANG_CXX_LANGUAGE_STANDARD = "gnu++14";
				CLANG_CXX_LIBRARY = "libc++";
				CLANG_ENABLE_MODULES = YES;
				CLANG_ENABLE_OBJC_ARC = YES;
				CLANG_ENABLE_OBJC_WEAK = YES;
				CLANG_WARN_BLOCK_CAPTURE_AUTORELEASING = YES;
				CLANG_WARN_BOOL_CONVERSION = YES;
				CLANG_WARN_COMMA = YES;
				CLANG_WARN_CONSTANT_CONVERSION = YES;
				CLANG_WARN_DEPRECATED_OBJC_IMPLEMENTATIONS = YES;
				CLANG_WARN_DIRECT_OBJC_ISA_USAGE = YES_ERROR;
				CLANG_WARN_DOCUMENTATION_COMMENTS = YES;
				CLANG_WARN_EMPTY_BODY = YES;
				CLANG_WARN_ENUM_CONVERSION = YES;
				CLANG_WARN_INFINITE_RECURSION = YES;
				CLANG_WARN_INT_CONVERSION = YES;
				CLANG_WARN_NON_LITERAL_NULL_CONVERSION = YES;
				CLANG_WARN_OBJC_IMPLICIT_RETAIN_SELF = YES;
				CLANG_WARN_OBJC_LITERAL_CONVERSION = YES;
				CLANG_WARN_OBJC_ROOT_CLASS = YES_ERROR;
				CLANG_WARN_QUOTED_INCLUDE_IN_FRAMEWORK_HEADER = YES;
				CLANG_WARN_RANGE_LOOP_ANALYSIS = YES;
				CLANG_WARN_STRICT_PROTOTYPES = YES;
				CLANG_WARN_SUSPICIOUS_MOVE = YES;
				CLANG_WARN_UNGUARDED_AVAILABILITY = YES_AGGRESSIVE;
				CLANG_WARN_UNREACHABLE_CODE = YES;
				CLANG_WARN__DUPLICATE_METHOD_MATCH = YES;
				COPY_PHASE_STRIP = NO;
				DEBUG_INFORMATION_FORMAT = "dwarf-with-dsym";
				ENABLE_NS_ASSERTIONS = NO;
				ENABLE_STRICT_OBJC_MSGSEND = YES;
				GCC_C_LANGUAGE_STANDARD = gnu11;
				GCC_NO_COMMON_BLOCKS = YES;
				GCC_WARN_64_TO_32_BIT_CONVERSION = YES;
				GCC_WARN_ABOUT_RETURN_TYPE = YES_ERROR;
				GCC_WARN_UNDECLARED_SELECTOR = YES;
				GCC_WARN_UNINITIALIZED_AUTOS = YES_AGGRESSIVE;
				GCC_WARN_UNUSED_FUNCTION = YES;
				GCC_WARN_UNUSED_VARIABLE = YES;
				IPHONEOS_DEPLOYMENT_TARGET = 14.5;
				MTL_ENABLE_DEBUG_INFO = NO;
				MTL_FAST_MATH = YES;
				SDKROOT = iphoneos;
				SWIFT_COMPILATION_MODE = wholemodule;
				SWIFT_OPTIMIZATION_LEVEL = "-O";
				VALIDATE_PRODUCT = YES;
			};
			name = Release;
		};
		A1CC9F7026F382BC00BBF57D /* Debug */ = {
			isa = XCBuildConfiguration;
			buildSettings = {
				ASSETCATALOG_COMPILER_APPICON_NAME = AppIcon;
				ASSETCATALOG_COMPILER_GLOBAL_ACCENT_COLOR_NAME = AccentColor;
				CODE_SIGN_STYLE = Automatic;
				DEVELOPMENT_TEAM = 5S37NZY97D;
				INFOPLIST_FILE = TraningsWithPatterns/Info.plist;
				LD_RUNPATH_SEARCH_PATHS = (
					"$(inherited)",
					"@executable_path/Frameworks",
				);
				PRODUCT_BUNDLE_IDENTIFIER = "mr.-Anderson.TraningsWithPatterns";
				PRODUCT_NAME = "$(TARGET_NAME)";
				SWIFT_VERSION = 5.0;
				TARGETED_DEVICE_FAMILY = "1,2";
			};
			name = Debug;
		};
		A1CC9F7126F382BC00BBF57D /* Release */ = {
			isa = XCBuildConfiguration;
			buildSettings = {
				ASSETCATALOG_COMPILER_APPICON_NAME = AppIcon;
				ASSETCATALOG_COMPILER_GLOBAL_ACCENT_COLOR_NAME = AccentColor;
				CODE_SIGN_STYLE = Automatic;
				DEVELOPMENT_TEAM = 5S37NZY97D;
				INFOPLIST_FILE = TraningsWithPatterns/Info.plist;
				LD_RUNPATH_SEARCH_PATHS = (
					"$(inherited)",
					"@executable_path/Frameworks",
				);
				PRODUCT_BUNDLE_IDENTIFIER = "mr.-Anderson.TraningsWithPatterns";
				PRODUCT_NAME = "$(TARGET_NAME)";
				SWIFT_VERSION = 5.0;
				TARGETED_DEVICE_FAMILY = "1,2";
			};
			name = Release;
		};
/* End XCBuildConfiguration section */

/* Begin XCConfigurationList section */
		A1CC9F5626F382BA00BBF57D /* Build configuration list for PBXProject "TraningsWithPatterns" */ = {
			isa = XCConfigurationList;
			buildConfigurations = (
				A1CC9F6D26F382BC00BBF57D /* Debug */,
				A1CC9F6E26F382BC00BBF57D /* Release */,
			);
			defaultConfigurationIsVisible = 0;
			defaultConfigurationName = Release;
		};
		A1CC9F6F26F382BC00BBF57D /* Build configuration list for PBXNativeTarget "TraningsWithPatterns" */ = {
			isa = XCConfigurationList;
			buildConfigurations = (
				A1CC9F7026F382BC00BBF57D /* Debug */,
				A1CC9F7126F382BC00BBF57D /* Release */,
			);
			defaultConfigurationIsVisible = 0;
			defaultConfigurationName = Release;
		};
/* End XCConfigurationList section */
	};
	rootObject = A1CC9F5326F382BA00BBF57D /* Project object */;
}
